
Microsoft Visual Studio Solution File, Format Version 12.00
# Visual Studio Version 17
VisualStudioVersion = 17.8.34330.188
MinimumVisualStudioVersion = 10.0.40219.1
Project("{FAE04EC0-301F-11D3-BF4B-00C04F79EFBC}") = "Basics Of C# - Lab 0", "Basics Of C# - Lab 0\Basics Of C# - Lab 0.csproj", "{B28021D0-D4DF-433D-B0A5-B9BD6E7DC7C7}"
EndProject
Global
	GlobalSection(SolutionConfigurationPlatforms) = preSolution
		Debug|Any CPU = Debug|Any CPU
		Release|Any CPU = Release|Any CPU
	EndGlobalSection
	GlobalSection(ProjectConfigurationPlatforms) = postSolution
		{B28021D0-D4DF-433D-B0A5-B9BD6E7DC7C7}.Debug|Any CPU.ActiveCfg = Debug|Any CPU
		{B28021D0-D4DF-433D-B0A5-B9BD6E7DC7C7}.Debug|Any CPU.Build.0 = Debug|Any CPU
		{B28021D0-D4DF-433D-B0A5-B9BD6E7DC7C7}.Release|Any CPU.ActiveCfg = Release|Any CPU
		{B28021D0-D4DF-433D-B0A5-B9BD6E7DC7C7}.Release|Any CPU.Build.0 = Release|Any CPU
	EndGlobalSection
	GlobalSection(SolutionProperties) = preSolution
		HideSolutionNode = FALSE
	EndGlobalSection
	GlobalSection(ExtensibilityGlobals) = postSolution
		SolutionGuid = {D334D965-FE4D-4F92-80E4-ED3143B04B3B}
	EndGlobalSection
EndGlobal
